
Microsoft Visual Studio Solution File, Format Version 12.00
# Visual Studio Version 17
VisualStudioVersion = 17.3.32825.248
MinimumVisualStudioVersion = 10.0.40219.1
Project("{FAE04EC0-301F-11D3-BF4B-00C04F79EFBC}") = "AutoMapper_Seven_PartOne", "AutoMapper_Seven_PartOne\AutoMapper_Seven_PartOne.csproj", "{B5409A66-09D7-43E1-9CB6-A9E352832766}"
EndProject
Global
	GlobalSection(SolutionConfigurationPlatforms) = preSolution
		Debug|Any CPU = Debug|Any CPU
		Release|Any CPU = Release|Any CPU
	EndGlobalSection
	GlobalSection(ProjectConfigurationPlatforms) = postSolution
		{B5409A66-09D7-43E1-9CB6-A9E352832766}.Debug|Any CPU.ActiveCfg = Debug|Any CPU
		{B5409A66-09D7-43E1-9CB6-A9E352832766}.Debug|Any CPU.Build.0 = Debug|Any CPU
		{B5409A66-09D7-43E1-9CB6-A9E352832766}.Release|Any CPU.ActiveCfg = Release|Any CPU
		{B5409A66-09D7-43E1-9CB6-A9E352832766}.Release|Any CPU.Build.0 = Release|Any CPU
	EndGlobalSection
	GlobalSection(SolutionProperties) = preSolution
		HideSolutionNode = FALSE
	EndGlobalSection
	GlobalSection(ExtensibilityGlobals) = postSolution
		SolutionGuid = {4DCF1A53-7953-4FD7-A206-602608B62BB9}
	EndGlobalSection
EndGlobal
